# THIS IS AN AUTOGENERATED FILE. DO NOT EDIT THIS FILE DIRECTLY.
# yarn lockfile v1


commander@^6.0.0:
  version "6.2.1"
  resolved "https://registry.yarnpkg.com/commander/-/commander-6.2.1.tgz#0792eb682dfbc325999bb2b84fddddba110ac73c"
  integrity sha512-U7VdrJFnJgo4xjrHpTzu0yrHPGImdsmD95ZlgYSEajAn2JKzDhDTPG9kBTefmObL2w/ngeZnilk+OV9CG3d7UA==

katex@^0.13.3:
  version "0.13.3"
  resolved "https://registry.yarnpkg.com/katex/-/katex-0.13.3.tgz#b7b1f4a8de496ea8bfe60ab0b5e1822864288f00"
  integrity sha512-/w0eycuK1xh201T0uFXYOZWPDoeqDHqR+6SLLKsYvNtUCYtmRjq8F+M74sdpzs+dJZYWv2eUsSW0r1AJfhZOCw==
  dependencies:
    commander "^6.0.0"

markdown-it-texmath@^0.8.0:
  version "0.8.0"
  resolved "https://registry.yarnpkg.com/markdown-it-texmath/-/markdown-it-texmath-0.8.0.tgz#2ef92db15227d151f9397ad0f36b4a5b0a6164df"
  integrity sha512-/59D3rW/IG+tBoZv0Fuqg4XKhqGKYG+4us9JJ+9ZrERaN1XBMpU3U0wyOhynsJulKpGrZ0xa3+f9p35leuFc8w==
