# THIS IS AN AUTOGENERATED FILE. DO NOT EDIT THIS FILE DIRECTLY.
# yarn lockfile v1


commander@^2.19.0:
  version "2.20.3"
  resolved "https://registry.yarnpkg.com/commander/-/commander-2.20.3.tgz#fd485e84c03eb4881c20722ba48035e8531aeb33"
  integrity sha512-GpVkmM8vF2vQUkj2LvZmD35JxeJOLCwJ9cUkugyk2nuhbv3+mJvpLYYt+0+USMxE+oj+ey/lJEnhZw75x/OMcQ==

katex@^0.11.1:
  version "0.11.1"
  resolved "https://registry.yarnpkg.com/katex/-/katex-0.11.1.tgz#df30ca40c565c9df01a466a00d53e079e84ffaa2"
  integrity sha512-5oANDICCTX0NqYIyAiFCCwjQ7ERu3DQG2JFHLbYOf+fXaMoH8eg/zOq5WSYJsKMi/QebW+Eh3gSM+oss1H/bww==
  dependencies:
    commander "^2.19.0"

markdown-it-texmath@^0.6.7:
  version "0.6.7"
  resolved "https://registry.yarnpkg.com/markdown-it-texmath/-/markdown-it-texmath-0.6.7.tgz#00373cbd79b8c36997ae8f0d554cb70e21b3e795"
  integrity sha512-n5GMguC2TVqOSEWI1Ewf1vGnnGlYFnp31o/YQ3Zt9GN3x9gksYc9Eaq5o8V0R0u8SFKBD7S1jcoTV2QdiiCvbA==
